
Microsoft Visual Studio Solution File, Format Version 12.00
# Visual Studio 14
VisualStudioVersion = 14.0.25420.1
MinimumVisualStudioVersion = 10.0.40219.1
Project("{FAE04EC0-301F-11D3-BF4B-00C04F79EFBC}") = "WorkFlowManagerManager", "WorkFlowManager\WorkFlowManagerManager.csproj", "{91ACA4FB-880C-4A25-8E7E-163B0DC5C3A7}"
EndProject
Project("{2150E333-8FDC-42A3-9474-1A3956D46DE8}") = "Libraries", "Libraries", "{8D433689-E548-4110-8BDC-18D6986BF2D4}"
EndProject
Project("{2150E333-8FDC-42A3-9474-1A3956D46DE8}") = "Tests", "Tests", "{9A6867ED-C121-461A-8DE5-7A66AD957CD9}"
EndProject
Project("{FAE04EC0-301F-11D3-BF4B-00C04F79EFBC}") = "WorkFlowTests", "WorkflowTests\WorkFlowTests.csproj", "{5F4F58C4-DCC9-4482-AE9A-2EE4664240D4}"
EndProject
Project("{2150E333-8FDC-42A3-9474-1A3956D46DE8}") = "MVC", "MVC", "{39DF6CAC-0986-4362-800B-8CF2E48932B2}"
EndProject
Project("{FAE04EC0-301F-11D3-BF4B-00C04F79EFBC}") = "WorkFlowMVC", "CRPM\WorkFlowMVC.csproj", "{48465F62-564A-4190-9F63-AB1BBD894F64}"
EndProject
Global
	GlobalSection(SolutionConfigurationPlatforms) = preSolution
		Debug|Any CPU = Debug|Any CPU
		Release|Any CPU = Release|Any CPU
	EndGlobalSection
	GlobalSection(ProjectConfigurationPlatforms) = postSolution
		{91ACA4FB-880C-4A25-8E7E-163B0DC5C3A7}.Debug|Any CPU.ActiveCfg = Debug|Any CPU
		{91ACA4FB-880C-4A25-8E7E-163B0DC5C3A7}.Debug|Any CPU.Build.0 = Debug|Any CPU
		{91ACA4FB-880C-4A25-8E7E-163B0DC5C3A7}.Release|Any CPU.ActiveCfg = Release|Any CPU
		{91ACA4FB-880C-4A25-8E7E-163B0DC5C3A7}.Release|Any CPU.Build.0 = Release|Any CPU
		{5F4F58C4-DCC9-4482-AE9A-2EE4664240D4}.Debug|Any CPU.ActiveCfg = Debug|Any CPU
		{5F4F58C4-DCC9-4482-AE9A-2EE4664240D4}.Debug|Any CPU.Build.0 = Debug|Any CPU
		{5F4F58C4-DCC9-4482-AE9A-2EE4664240D4}.Release|Any CPU.ActiveCfg = Release|Any CPU
		{5F4F58C4-DCC9-4482-AE9A-2EE4664240D4}.Release|Any CPU.Build.0 = Release|Any CPU
		{48465F62-564A-4190-9F63-AB1BBD894F64}.Debug|Any CPU.ActiveCfg = Debug|Any CPU
		{48465F62-564A-4190-9F63-AB1BBD894F64}.Debug|Any CPU.Build.0 = Debug|Any CPU
		{48465F62-564A-4190-9F63-AB1BBD894F64}.Release|Any CPU.ActiveCfg = Release|Any CPU
		{48465F62-564A-4190-9F63-AB1BBD894F64}.Release|Any CPU.Build.0 = Release|Any CPU
	EndGlobalSection
	GlobalSection(SolutionProperties) = preSolution
		HideSolutionNode = FALSE
	EndGlobalSection
	GlobalSection(NestedProjects) = preSolution
		{91ACA4FB-880C-4A25-8E7E-163B0DC5C3A7} = {8D433689-E548-4110-8BDC-18D6986BF2D4}
		{5F4F58C4-DCC9-4482-AE9A-2EE4664240D4} = {9A6867ED-C121-461A-8DE5-7A66AD957CD9}
		{48465F62-564A-4190-9F63-AB1BBD894F64} = {39DF6CAC-0986-4362-800B-8CF2E48932B2}
	EndGlobalSection
EndGlobal
